
Microsoft Visual Studio Solution File, Format Version 12.00
# Visual Studio Version 17
VisualStudioVersion = 17.1.32328.378
MinimumVisualStudioVersion = 10.0.40219.1
Project("{9A19103F-16F7-4668-BE54-9A1E7A4F7556}") = "DotNetTestResultsPOC.Tests", "DotNetTestResultsPOC.Tests\DotNetTestResultsPOC.Tests.csproj", "{130BC6B5-9BB5-42F7-8819-15345B2823EF}"
EndProject
Project("{2150E333-8FDC-42A3-9474-1A3956D46DE8}") = "Solution Items", "Solution Items", "{6D4A8F35-B4E4-4EC4-B0AA-7C027397B2CD}"
	ProjectSection(SolutionItems) = preProject
		..\action.yml = ..\action.yml
		..\.github\workflows\workflow.yml = ..\.github\workflows\workflow.yml
	EndProjectSection
EndProject
Global
	GlobalSection(SolutionConfigurationPlatforms) = preSolution
		Debug|Any CPU = Debug|Any CPU
		Release|Any CPU = Release|Any CPU
	EndGlobalSection
	GlobalSection(ProjectConfigurationPlatforms) = postSolution
		{130BC6B5-9BB5-42F7-8819-15345B2823EF}.Debug|Any CPU.ActiveCfg = Debug|Any CPU
		{130BC6B5-9BB5-42F7-8819-15345B2823EF}.Debug|Any CPU.Build.0 = Debug|Any CPU
		{130BC6B5-9BB5-42F7-8819-15345B2823EF}.Release|Any CPU.ActiveCfg = Release|Any CPU
		{130BC6B5-9BB5-42F7-8819-15345B2823EF}.Release|Any CPU.Build.0 = Release|Any CPU
	EndGlobalSection
	GlobalSection(SolutionProperties) = preSolution
		HideSolutionNode = FALSE
	EndGlobalSection
	GlobalSection(ExtensibilityGlobals) = postSolution
		SolutionGuid = {9C5BE51D-0D3E-4730-B4E3-AA4F8E34F945}
	EndGlobalSection
EndGlobal
